
Microsoft Visual Studio Solution File, Format Version 12.00
# Visual Studio Version 17
VisualStudioVersion = 17.0.31912.275
MinimumVisualStudioVersion = 10.0.40219.1
Project("{FAE04EC0-301F-11D3-BF4B-00C04F79EFBC}") = "WpfApplication1", "WpfApplication1\WpfApplication1.csproj", "{D3798C03-2515-4A4A-AB7A-1699ED8C03EC}"
EndProject
Global
	GlobalSection(SolutionConfigurationPlatforms) = preSolution
		Debug|Any CPU = Debug|Any CPU
		Release|Any CPU = Release|Any CPU
	EndGlobalSection
	GlobalSection(ProjectConfigurationPlatforms) = postSolution
		{D3798C03-2515-4A4A-AB7A-1699ED8C03EC}.Debug|Any CPU.ActiveCfg = Debug|Any CPU
		{D3798C03-2515-4A4A-AB7A-1699ED8C03EC}.Debug|Any CPU.Build.0 = Debug|Any CPU
		{D3798C03-2515-4A4A-AB7A-1699ED8C03EC}.Release|Any CPU.ActiveCfg = Release|Any CPU
		{D3798C03-2515-4A4A-AB7A-1699ED8C03EC}.Release|Any CPU.Build.0 = Release|Any CPU
	EndGlobalSection
	GlobalSection(SolutionProperties) = preSolution
		HideSolutionNode = FALSE
	EndGlobalSection
	GlobalSection(ExtensibilityGlobals) = postSolution
		SolutionGuid = {7B278873-4405-4C84-AAE0-92944076C74E}
	EndGlobalSection
EndGlobal
